
Microsoft Visual Studio Solution File, Format Version 12.00
# Visual Studio Version 17
VisualStudioVersion = 17.5.33424.131
MinimumVisualStudioVersion = 10.0.40219.1
Project("{9A19103F-16F7-4668-BE54-9A1E7A4F7556}") = "SHARMemory", "SHARMemory\SHARMemory.csproj", "{02ACA7F8-9CDB-453F-B420-2D8119194C4E}"
EndProject
Project("{2150E333-8FDC-42A3-9474-1A3956D46DE8}") = "Solution Items", "Solution Items", "{0F8538F0-EB87-421C-B41E-3D1C35DDE7C0}"
	ProjectSection(SolutionItems) = preProject
		.editorconfig = .editorconfig
	EndProjectSection
EndProject
Global
	GlobalSection(SolutionConfigurationPlatforms) = preSolution
		Debug|Any CPU = Debug|Any CPU
		Release|Any CPU = Release|Any CPU
	EndGlobalSection
	GlobalSection(ProjectConfigurationPlatforms) = postSolution
		{02ACA7F8-9CDB-453F-B420-2D8119194C4E}.Debug|Any CPU.ActiveCfg = Debug|Any CPU
		{02ACA7F8-9CDB-453F-B420-2D8119194C4E}.Debug|Any CPU.Build.0 = Debug|Any CPU
		{02ACA7F8-9CDB-453F-B420-2D8119194C4E}.Release|Any CPU.ActiveCfg = Release|Any CPU
		{02ACA7F8-9CDB-453F-B420-2D8119194C4E}.Release|Any CPU.Build.0 = Release|Any CPU
	EndGlobalSection
	GlobalSection(SolutionProperties) = preSolution
		HideSolutionNode = FALSE
	EndGlobalSection
	GlobalSection(ExtensibilityGlobals) = postSolution
		SolutionGuid = {1C5EAA22-A318-4B04-B6AE-5079130AAEAE}
	EndGlobalSection
EndGlobal
